
Microsoft Visual Studio Solution File, Format Version 12.00
# Visual Studio Version 16
VisualStudioVersion = 16.0.29001.49
MinimumVisualStudioVersion = 10.0.40219.1
Project("{FAE04EC0-301F-11D3-BF4B-00C04F79EFBC}") = "01. ClubParty", "01. ClubParty\01. ClubParty.csproj", "{C164692A-4727-4B0D-A11E-490D195D4B8C}"
EndProject
Project("{FAE04EC0-301F-11D3-BF4B-00C04F79EFBC}") = "02. TronRacers", "02. TronRacers\02. TronRacers.csproj", "{4427AF31-70B9-4251-BE8B-D51EA47B4B29}"
EndProject
Project("{FAE04EC0-301F-11D3-BF4B-00C04F79EFBC}") = "03. Heroes", "03. Heroes\03. Heroes.csproj", "{C9992796-1EB4-4849-8668-AA36D64432E9}"
EndProject
Global
	GlobalSection(SolutionConfigurationPlatforms) = preSolution
		Debug|Any CPU = Debug|Any CPU
		Release|Any CPU = Release|Any CPU
	EndGlobalSection
	GlobalSection(ProjectConfigurationPlatforms) = postSolution
		{C164692A-4727-4B0D-A11E-490D195D4B8C}.Debug|Any CPU.ActiveCfg = Debug|Any CPU
		{C164692A-4727-4B0D-A11E-490D195D4B8C}.Debug|Any CPU.Build.0 = Debug|Any CPU
		{C164692A-4727-4B0D-A11E-490D195D4B8C}.Release|Any CPU.ActiveCfg = Release|Any CPU
		{C164692A-4727-4B0D-A11E-490D195D4B8C}.Release|Any CPU.Build.0 = Release|Any CPU
		{4427AF31-70B9-4251-BE8B-D51EA47B4B29}.Debug|Any CPU.ActiveCfg = Debug|Any CPU
		{4427AF31-70B9-4251-BE8B-D51EA47B4B29}.Debug|Any CPU.Build.0 = Debug|Any CPU
		{4427AF31-70B9-4251-BE8B-D51EA47B4B29}.Release|Any CPU.ActiveCfg = Release|Any CPU
		{4427AF31-70B9-4251-BE8B-D51EA47B4B29}.Release|Any CPU.Build.0 = Release|Any CPU
		{C9992796-1EB4-4849-8668-AA36D64432E9}.Debug|Any CPU.ActiveCfg = Debug|Any CPU
		{C9992796-1EB4-4849-8668-AA36D64432E9}.Debug|Any CPU.Build.0 = Debug|Any CPU
		{C9992796-1EB4-4849-8668-AA36D64432E9}.Release|Any CPU.ActiveCfg = Release|Any CPU
		{C9992796-1EB4-4849-8668-AA36D64432E9}.Release|Any CPU.Build.0 = Release|Any CPU
	EndGlobalSection
	GlobalSection(SolutionProperties) = preSolution
		HideSolutionNode = FALSE
	EndGlobalSection
	GlobalSection(ExtensibilityGlobals) = postSolution
		SolutionGuid = {E0987A73-9DAC-4148-ACF5-02044CE3D835}
	EndGlobalSection
EndGlobal
