
Microsoft Visual Studio Solution File, Format Version 12.00
# Visual Studio Version 16
VisualStudioVersion = 16.0.29001.49
MinimumVisualStudioVersion = 10.0.40219.1
Project("{FAE04EC0-301F-11D3-BF4B-00C04F79EFBC}") = "01. Socks", "01. Socks\01. Socks.csproj", "{31D0599F-0B3C-46B8-91E7-D781027C3AA7}"
EndProject
Project("{FAE04EC0-301F-11D3-BF4B-00C04F79EFBC}") = "02. ExcelFunctions", "02. ExcelFunctions\02. ExcelFunctions.csproj", "{BC091EC3-12C2-4B44-B2A1-8E59217FF613}"
EndProject
Project("{FAE04EC0-301F-11D3-BF4B-00C04F79EFBC}") = "03. Repository", "03. Repository\03. Repository.csproj", "{EB8A304C-4174-444E-B0EF-4E40AF5B312B}"
EndProject
Global
	GlobalSection(SolutionConfigurationPlatforms) = preSolution
		Debug|Any CPU = Debug|Any CPU
		Release|Any CPU = Release|Any CPU
	EndGlobalSection
	GlobalSection(ProjectConfigurationPlatforms) = postSolution
		{31D0599F-0B3C-46B8-91E7-D781027C3AA7}.Debug|Any CPU.ActiveCfg = Debug|Any CPU
		{31D0599F-0B3C-46B8-91E7-D781027C3AA7}.Debug|Any CPU.Build.0 = Debug|Any CPU
		{31D0599F-0B3C-46B8-91E7-D781027C3AA7}.Release|Any CPU.ActiveCfg = Release|Any CPU
		{31D0599F-0B3C-46B8-91E7-D781027C3AA7}.Release|Any CPU.Build.0 = Release|Any CPU
		{BC091EC3-12C2-4B44-B2A1-8E59217FF613}.Debug|Any CPU.ActiveCfg = Debug|Any CPU
		{BC091EC3-12C2-4B44-B2A1-8E59217FF613}.Debug|Any CPU.Build.0 = Debug|Any CPU
		{BC091EC3-12C2-4B44-B2A1-8E59217FF613}.Release|Any CPU.ActiveCfg = Release|Any CPU
		{BC091EC3-12C2-4B44-B2A1-8E59217FF613}.Release|Any CPU.Build.0 = Release|Any CPU
		{EB8A304C-4174-444E-B0EF-4E40AF5B312B}.Debug|Any CPU.ActiveCfg = Debug|Any CPU
		{EB8A304C-4174-444E-B0EF-4E40AF5B312B}.Debug|Any CPU.Build.0 = Debug|Any CPU
		{EB8A304C-4174-444E-B0EF-4E40AF5B312B}.Release|Any CPU.ActiveCfg = Release|Any CPU
		{EB8A304C-4174-444E-B0EF-4E40AF5B312B}.Release|Any CPU.Build.0 = Release|Any CPU
	EndGlobalSection
	GlobalSection(SolutionProperties) = preSolution
		HideSolutionNode = FALSE
	EndGlobalSection
	GlobalSection(ExtensibilityGlobals) = postSolution
		SolutionGuid = {C30506DA-A907-46C6-B01F-214B228D3104}
	EndGlobalSection
EndGlobal
