
Microsoft Visual Studio Solution File, Format Version 12.00
# Visual Studio Version 16
VisualStudioVersion = 16.0.29709.97
MinimumVisualStudioVersion = 10.0.40219.1
Project("{9A19103F-16F7-4668-BE54-9A1E7A4F7556}") = "SIS.HTTP", "SIS.HTTP\SIS.HTTP.csproj", "{7855DC04-3A03-45E4-8E13-E351C68FA6A4}"
EndProject
Project("{9A19103F-16F7-4668-BE54-9A1E7A4F7556}") = "SIS.MvcFramework", "SIS.MvcFramework\SIS.MvcFramework.csproj", "{769B0181-6132-4695-8D43-DCB1D5C44BDA}"
EndProject
Project("{9A19103F-16F7-4668-BE54-9A1E7A4F7556}") = "SIS.MvcFramework.Tests", "SIS.MvcFramework.Tests\SIS.MvcFramework.Tests.csproj", "{D225A8AF-CC18-4CC1-B3E3-369EAC5A8D1C}"
EndProject
Project("{2150E333-8FDC-42A3-9474-1A3956D46DE8}") = "Exams", "Exams", "{83112E9E-A17F-4B8D-9515-699D95B576EA}"
EndProject
Project("{2150E333-8FDC-42A3-9474-1A3956D46DE8}") = "SULS", "SULS", "{6258F108-9E21-4592-82A8-90672F20D8AB}"
EndProject
Project("{9A19103F-16F7-4668-BE54-9A1E7A4F7556}") = "SULS.App", "Exams\SULS\SULS.App\SULS.App.csproj", "{68094A7A-94D4-4A0B-8BDE-CDD7511D010B}"
EndProject
Project("{9A19103F-16F7-4668-BE54-9A1E7A4F7556}") = "SULS.Data", "Exams\SULS\SULS.Data\SULS.Data.csproj", "{5BF4674D-A1F3-4EAD-B4CB-19BB126E7E76}"
EndProject
Project("{9A19103F-16F7-4668-BE54-9A1E7A4F7556}") = "SULS.Models", "Exams\SULS\SULS.Models\SULS.Models.csproj", "{BE57CE76-C4AB-4110-90D2-8D2F243317F4}"
EndProject
Project("{9A19103F-16F7-4668-BE54-9A1E7A4F7556}") = "SULS.Services", "Exams\SULS\SULS.Services\SULS.Services.csproj", "{3097C0B2-5322-4FED-9DD9-F7443905562A}"
EndProject
Project("{9A19103F-16F7-4668-BE54-9A1E7A4F7556}") = "SULS.BindingModels", "Exams\SULS\SULS.BindingModels\SULS.BindingModels.csproj", "{9A5C15A0-5F7C-456F-9A65-6FEA770524E0}"
EndProject
Project("{2150E333-8FDC-42A3-9474-1A3956D46DE8}") = "Musaka", "Musaka", "{1F6142FD-BBC0-48AA-A75B-32488470DB0D}"
EndProject
Project("{9A19103F-16F7-4668-BE54-9A1E7A4F7556}") = "Musaka.App", "Exams\Musaka\Musaka.App\Musaka.App.csproj", "{FA5903FA-7688-4DB0-8C83-810EBA4EDB2D}"
EndProject
Project("{9A19103F-16F7-4668-BE54-9A1E7A4F7556}") = "Musaka.BindingModels", "Exams\Musaka\Musaka.BindingModels\Musaka.BindingModels.csproj", "{57BC9158-2790-429D-B47C-2329691DA966}"
EndProject
Project("{9A19103F-16F7-4668-BE54-9A1E7A4F7556}") = "Musaka.Data", "Exams\Musaka\Musaka.Data\Musaka.Data.csproj", "{68E03975-CBD1-48EC-9A13-11711897DF84}"
EndProject
Project("{9A19103F-16F7-4668-BE54-9A1E7A4F7556}") = "Musaka.Models", "Exams\Musaka\Musaka.Models\Musaka.Models.csproj", "{4D932140-B760-41D0-AC1C-BB301E17C576}"
EndProject
Project("{9A19103F-16F7-4668-BE54-9A1E7A4F7556}") = "Musaka.Services", "Exams\Musaka\Musaka.Services\Musaka.Services.csproj", "{A1C88227-1103-401B-B225-399A1A1819DB}"
EndProject
Project("{2150E333-8FDC-42A3-9474-1A3956D46DE8}") = "Andreys", "Andreys", "{0CAFD90B-8DC8-40A3-A030-020C1B4D6164}"
EndProject
Project("{9A19103F-16F7-4668-BE54-9A1E7A4F7556}") = "Andreys.App", "Exams\Andreys\Andreys.App\Andreys.App.csproj", "{FD43122D-B691-4BB5-A528-31253CF13FA8}"
EndProject
Project("{9A19103F-16F7-4668-BE54-9A1E7A4F7556}") = "Andreys.BindingModels", "Exams\Andreys\Andreys.BindingModels\Andreys.BindingModels.csproj", "{87EFAF03-04B3-47DC-A067-A4F154D415D9}"
EndProject
Project("{9A19103F-16F7-4668-BE54-9A1E7A4F7556}") = "Andreys.Data", "Exams\Andreys\Andreys.Data\Andreys.Data.csproj", "{4CF48044-8D48-42F4-A902-D2A80BA2B533}"
EndProject
Project("{FAE04EC0-301F-11D3-BF4B-00C04F79EFBC}") = "Andreys.Models", "Exams\Andreys\Andreys.Models\Andreys.Models.csproj", "{2AE79BB1-CBC6-45DA-8026-96FA94AF67CF}"
EndProject
Project("{FAE04EC0-301F-11D3-BF4B-00C04F79EFBC}") = "Andreys.Services", "Exams\Andreys\Andreys.Services\Andreys.Services.csproj", "{DA6BE80A-8EB7-48A1-A09E-9B98E1A095BE}"
EndProject
Global
	GlobalSection(SolutionConfigurationPlatforms) = preSolution
		Debug|Any CPU = Debug|Any CPU
		Release|Any CPU = Release|Any CPU
	EndGlobalSection
	GlobalSection(ProjectConfigurationPlatforms) = postSolution
		{7855DC04-3A03-45E4-8E13-E351C68FA6A4}.Debug|Any CPU.ActiveCfg = Debug|Any CPU
		{7855DC04-3A03-45E4-8E13-E351C68FA6A4}.Debug|Any CPU.Build.0 = Debug|Any CPU
		{7855DC04-3A03-45E4-8E13-E351C68FA6A4}.Release|Any CPU.ActiveCfg = Release|Any CPU
		{7855DC04-3A03-45E4-8E13-E351C68FA6A4}.Release|Any CPU.Build.0 = Release|Any CPU
		{769B0181-6132-4695-8D43-DCB1D5C44BDA}.Debug|Any CPU.ActiveCfg = Debug|Any CPU
		{769B0181-6132-4695-8D43-DCB1D5C44BDA}.Debug|Any CPU.Build.0 = Debug|Any CPU
		{769B0181-6132-4695-8D43-DCB1D5C44BDA}.Release|Any CPU.ActiveCfg = Release|Any CPU
		{769B0181-6132-4695-8D43-DCB1D5C44BDA}.Release|Any CPU.Build.0 = Release|Any CPU
		{D225A8AF-CC18-4CC1-B3E3-369EAC5A8D1C}.Debug|Any CPU.ActiveCfg = Debug|Any CPU
		{D225A8AF-CC18-4CC1-B3E3-369EAC5A8D1C}.Debug|Any CPU.Build.0 = Debug|Any CPU
		{D225A8AF-CC18-4CC1-B3E3-369EAC5A8D1C}.Release|Any CPU.ActiveCfg = Release|Any CPU
		{D225A8AF-CC18-4CC1-B3E3-369EAC5A8D1C}.Release|Any CPU.Build.0 = Release|Any CPU
		{68094A7A-94D4-4A0B-8BDE-CDD7511D010B}.Debug|Any CPU.ActiveCfg = Debug|Any CPU
		{68094A7A-94D4-4A0B-8BDE-CDD7511D010B}.Debug|Any CPU.Build.0 = Debug|Any CPU
		{68094A7A-94D4-4A0B-8BDE-CDD7511D010B}.Release|Any CPU.ActiveCfg = Release|Any CPU
		{68094A7A-94D4-4A0B-8BDE-CDD7511D010B}.Release|Any CPU.Build.0 = Release|Any CPU
		{5BF4674D-A1F3-4EAD-B4CB-19BB126E7E76}.Debug|Any CPU.ActiveCfg = Debug|Any CPU
		{5BF4674D-A1F3-4EAD-B4CB-19BB126E7E76}.Debug|Any CPU.Build.0 = Debug|Any CPU
		{5BF4674D-A1F3-4EAD-B4CB-19BB126E7E76}.Release|Any CPU.ActiveCfg = Release|Any CPU
		{5BF4674D-A1F3-4EAD-B4CB-19BB126E7E76}.Release|Any CPU.Build.0 = Release|Any CPU
		{BE57CE76-C4AB-4110-90D2-8D2F243317F4}.Debug|Any CPU.ActiveCfg = Debug|Any CPU
		{BE57CE76-C4AB-4110-90D2-8D2F243317F4}.Debug|Any CPU.Build.0 = Debug|Any CPU
		{BE57CE76-C4AB-4110-90D2-8D2F243317F4}.Release|Any CPU.ActiveCfg = Release|Any CPU
		{BE57CE76-C4AB-4110-90D2-8D2F243317F4}.Release|Any CPU.Build.0 = Release|Any CPU
		{3097C0B2-5322-4FED-9DD9-F7443905562A}.Debug|Any CPU.ActiveCfg = Debug|Any CPU
		{3097C0B2-5322-4FED-9DD9-F7443905562A}.Debug|Any CPU.Build.0 = Debug|Any CPU
		{3097C0B2-5322-4FED-9DD9-F7443905562A}.Release|Any CPU.ActiveCfg = Release|Any CPU
		{3097C0B2-5322-4FED-9DD9-F7443905562A}.Release|Any CPU.Build.0 = Release|Any CPU
		{9A5C15A0-5F7C-456F-9A65-6FEA770524E0}.Debug|Any CPU.ActiveCfg = Debug|Any CPU
		{9A5C15A0-5F7C-456F-9A65-6FEA770524E0}.Debug|Any CPU.Build.0 = Debug|Any CPU
		{9A5C15A0-5F7C-456F-9A65-6FEA770524E0}.Release|Any CPU.ActiveCfg = Release|Any CPU
		{9A5C15A0-5F7C-456F-9A65-6FEA770524E0}.Release|Any CPU.Build.0 = Release|Any CPU
		{FA5903FA-7688-4DB0-8C83-810EBA4EDB2D}.Debug|Any CPU.ActiveCfg = Debug|Any CPU
		{FA5903FA-7688-4DB0-8C83-810EBA4EDB2D}.Debug|Any CPU.Build.0 = Debug|Any CPU
		{FA5903FA-7688-4DB0-8C83-810EBA4EDB2D}.Release|Any CPU.ActiveCfg = Release|Any CPU
		{FA5903FA-7688-4DB0-8C83-810EBA4EDB2D}.Release|Any CPU.Build.0 = Release|Any CPU
		{57BC9158-2790-429D-B47C-2329691DA966}.Debug|Any CPU.ActiveCfg = Debug|Any CPU
		{57BC9158-2790-429D-B47C-2329691DA966}.Debug|Any CPU.Build.0 = Debug|Any CPU
		{57BC9158-2790-429D-B47C-2329691DA966}.Release|Any CPU.ActiveCfg = Release|Any CPU
		{57BC9158-2790-429D-B47C-2329691DA966}.Release|Any CPU.Build.0 = Release|Any CPU
		{68E03975-CBD1-48EC-9A13-11711897DF84}.Debug|Any CPU.ActiveCfg = Debug|Any CPU
		{68E03975-CBD1-48EC-9A13-11711897DF84}.Debug|Any CPU.Build.0 = Debug|Any CPU
		{68E03975-CBD1-48EC-9A13-11711897DF84}.Release|Any CPU.ActiveCfg = Release|Any CPU
		{68E03975-CBD1-48EC-9A13-11711897DF84}.Release|Any CPU.Build.0 = Release|Any CPU
		{4D932140-B760-41D0-AC1C-BB301E17C576}.Debug|Any CPU.ActiveCfg = Debug|Any CPU
		{4D932140-B760-41D0-AC1C-BB301E17C576}.Debug|Any CPU.Build.0 = Debug|Any CPU
		{4D932140-B760-41D0-AC1C-BB301E17C576}.Release|Any CPU.ActiveCfg = Release|Any CPU
		{4D932140-B760-41D0-AC1C-BB301E17C576}.Release|Any CPU.Build.0 = Release|Any CPU
		{A1C88227-1103-401B-B225-399A1A1819DB}.Debug|Any CPU.ActiveCfg = Debug|Any CPU
		{A1C88227-1103-401B-B225-399A1A1819DB}.Debug|Any CPU.Build.0 = Debug|Any CPU
		{A1C88227-1103-401B-B225-399A1A1819DB}.Release|Any CPU.ActiveCfg = Release|Any CPU
		{A1C88227-1103-401B-B225-399A1A1819DB}.Release|Any CPU.Build.0 = Release|Any CPU
		{FD43122D-B691-4BB5-A528-31253CF13FA8}.Debug|Any CPU.ActiveCfg = Debug|Any CPU
		{FD43122D-B691-4BB5-A528-31253CF13FA8}.Debug|Any CPU.Build.0 = Debug|Any CPU
		{FD43122D-B691-4BB5-A528-31253CF13FA8}.Release|Any CPU.ActiveCfg = Release|Any CPU
		{FD43122D-B691-4BB5-A528-31253CF13FA8}.Release|Any CPU.Build.0 = Release|Any CPU
		{87EFAF03-04B3-47DC-A067-A4F154D415D9}.Debug|Any CPU.ActiveCfg = Debug|Any CPU
		{87EFAF03-04B3-47DC-A067-A4F154D415D9}.Debug|Any CPU.Build.0 = Debug|Any CPU
		{87EFAF03-04B3-47DC-A067-A4F154D415D9}.Release|Any CPU.ActiveCfg = Release|Any CPU
		{87EFAF03-04B3-47DC-A067-A4F154D415D9}.Release|Any CPU.Build.0 = Release|Any CPU
		{4CF48044-8D48-42F4-A902-D2A80BA2B533}.Debug|Any CPU.ActiveCfg = Debug|Any CPU
		{4CF48044-8D48-42F4-A902-D2A80BA2B533}.Debug|Any CPU.Build.0 = Debug|Any CPU
		{4CF48044-8D48-42F4-A902-D2A80BA2B533}.Release|Any CPU.ActiveCfg = Release|Any CPU
		{4CF48044-8D48-42F4-A902-D2A80BA2B533}.Release|Any CPU.Build.0 = Release|Any CPU
		{2AE79BB1-CBC6-45DA-8026-96FA94AF67CF}.Debug|Any CPU.ActiveCfg = Debug|Any CPU
		{2AE79BB1-CBC6-45DA-8026-96FA94AF67CF}.Debug|Any CPU.Build.0 = Debug|Any CPU
		{2AE79BB1-CBC6-45DA-8026-96FA94AF67CF}.Release|Any CPU.ActiveCfg = Release|Any CPU
		{2AE79BB1-CBC6-45DA-8026-96FA94AF67CF}.Release|Any CPU.Build.0 = Release|Any CPU
		{DA6BE80A-8EB7-48A1-A09E-9B98E1A095BE}.Debug|Any CPU.ActiveCfg = Debug|Any CPU
		{DA6BE80A-8EB7-48A1-A09E-9B98E1A095BE}.Debug|Any CPU.Build.0 = Debug|Any CPU
		{DA6BE80A-8EB7-48A1-A09E-9B98E1A095BE}.Release|Any CPU.ActiveCfg = Release|Any CPU
		{DA6BE80A-8EB7-48A1-A09E-9B98E1A095BE}.Release|Any CPU.Build.0 = Release|Any CPU
	EndGlobalSection
	GlobalSection(SolutionProperties) = preSolution
		HideSolutionNode = FALSE
	EndGlobalSection
	GlobalSection(NestedProjects) = preSolution
		{6258F108-9E21-4592-82A8-90672F20D8AB} = {83112E9E-A17F-4B8D-9515-699D95B576EA}
		{68094A7A-94D4-4A0B-8BDE-CDD7511D010B} = {6258F108-9E21-4592-82A8-90672F20D8AB}
		{5BF4674D-A1F3-4EAD-B4CB-19BB126E7E76} = {6258F108-9E21-4592-82A8-90672F20D8AB}
		{BE57CE76-C4AB-4110-90D2-8D2F243317F4} = {6258F108-9E21-4592-82A8-90672F20D8AB}
		{3097C0B2-5322-4FED-9DD9-F7443905562A} = {6258F108-9E21-4592-82A8-90672F20D8AB}
		{9A5C15A0-5F7C-456F-9A65-6FEA770524E0} = {6258F108-9E21-4592-82A8-90672F20D8AB}
		{1F6142FD-BBC0-48AA-A75B-32488470DB0D} = {83112E9E-A17F-4B8D-9515-699D95B576EA}
		{FA5903FA-7688-4DB0-8C83-810EBA4EDB2D} = {1F6142FD-BBC0-48AA-A75B-32488470DB0D}
		{57BC9158-2790-429D-B47C-2329691DA966} = {1F6142FD-BBC0-48AA-A75B-32488470DB0D}
		{68E03975-CBD1-48EC-9A13-11711897DF84} = {1F6142FD-BBC0-48AA-A75B-32488470DB0D}
		{4D932140-B760-41D0-AC1C-BB301E17C576} = {1F6142FD-BBC0-48AA-A75B-32488470DB0D}
		{A1C88227-1103-401B-B225-399A1A1819DB} = {1F6142FD-BBC0-48AA-A75B-32488470DB0D}
		{0CAFD90B-8DC8-40A3-A030-020C1B4D6164} = {83112E9E-A17F-4B8D-9515-699D95B576EA}
		{FD43122D-B691-4BB5-A528-31253CF13FA8} = {0CAFD90B-8DC8-40A3-A030-020C1B4D6164}
		{87EFAF03-04B3-47DC-A067-A4F154D415D9} = {0CAFD90B-8DC8-40A3-A030-020C1B4D6164}
		{4CF48044-8D48-42F4-A902-D2A80BA2B533} = {0CAFD90B-8DC8-40A3-A030-020C1B4D6164}
		{2AE79BB1-CBC6-45DA-8026-96FA94AF67CF} = {0CAFD90B-8DC8-40A3-A030-020C1B4D6164}
		{DA6BE80A-8EB7-48A1-A09E-9B98E1A095BE} = {0CAFD90B-8DC8-40A3-A030-020C1B4D6164}
	EndGlobalSection
	GlobalSection(ExtensibilityGlobals) = postSolution
		SolutionGuid = {CEA9858C-A70C-4DAC-A4B5-9393A32A9B82}
	EndGlobalSection
EndGlobal
