
Microsoft Visual Studio Solution File, Format Version 12.00
# Visual Studio Version 16
VisualStudioVersion = 16.0.29001.49
MinimumVisualStudioVersion = 10.0.40219.1
Project("{FAE04EC0-301F-11D3-BF4B-00C04F79EFBC}") = "02. MakeSalad", "02. MakeSalad\02. MakeSalad.csproj", "{344C8291-7B59-4787-9D22-E155A7FF1281}"
EndProject
Project("{9A19103F-16F7-4668-BE54-9A1E7A4F7556}") = "HealthyHeaven", "HealthyHeaven\HealthyHeaven.csproj", "{25C236D2-D8B3-4B43-B62E-E737FCBF61D7}"
EndProject
Project("{9A19103F-16F7-4668-BE54-9A1E7A4F7556}") = "01. TheGarden", "01. TheGarden\01. TheGarden.csproj", "{C16C4077-7D8A-44D9-B424-34A742B9C777}"
EndProject
Global
	GlobalSection(SolutionConfigurationPlatforms) = preSolution
		Debug|Any CPU = Debug|Any CPU
		Release|Any CPU = Release|Any CPU
	EndGlobalSection
	GlobalSection(ProjectConfigurationPlatforms) = postSolution
		{344C8291-7B59-4787-9D22-E155A7FF1281}.Debug|Any CPU.ActiveCfg = Debug|Any CPU
		{344C8291-7B59-4787-9D22-E155A7FF1281}.Debug|Any CPU.Build.0 = Debug|Any CPU
		{344C8291-7B59-4787-9D22-E155A7FF1281}.Release|Any CPU.ActiveCfg = Release|Any CPU
		{344C8291-7B59-4787-9D22-E155A7FF1281}.Release|Any CPU.Build.0 = Release|Any CPU
		{25C236D2-D8B3-4B43-B62E-E737FCBF61D7}.Debug|Any CPU.ActiveCfg = Debug|Any CPU
		{25C236D2-D8B3-4B43-B62E-E737FCBF61D7}.Debug|Any CPU.Build.0 = Debug|Any CPU
		{25C236D2-D8B3-4B43-B62E-E737FCBF61D7}.Release|Any CPU.ActiveCfg = Release|Any CPU
		{25C236D2-D8B3-4B43-B62E-E737FCBF61D7}.Release|Any CPU.Build.0 = Release|Any CPU
		{C16C4077-7D8A-44D9-B424-34A742B9C777}.Debug|Any CPU.ActiveCfg = Debug|Any CPU
		{C16C4077-7D8A-44D9-B424-34A742B9C777}.Debug|Any CPU.Build.0 = Debug|Any CPU
		{C16C4077-7D8A-44D9-B424-34A742B9C777}.Release|Any CPU.ActiveCfg = Release|Any CPU
		{C16C4077-7D8A-44D9-B424-34A742B9C777}.Release|Any CPU.Build.0 = Release|Any CPU
	EndGlobalSection
	GlobalSection(SolutionProperties) = preSolution
		HideSolutionNode = FALSE
	EndGlobalSection
	GlobalSection(ExtensibilityGlobals) = postSolution
		SolutionGuid = {E635EEF6-5FD3-45DF-9078-6223E851895B}
	EndGlobalSection
EndGlobal
